Microsoft Visual Studio Solution File, Format Version 12.00
# Visual Studio 16
Project("{2150E333-8FDC-42A3-9474-1A3956D46DE8}") = "CMakePredefinedTargets", "CMakePredefinedTargets", "{B348AA98-2789-310A-A2DD-43B4232ABB95}"
EndProject
Project("{2150E333-8FDC-42A3-9474-1A3956D46DE8}") = "plugins", "plugins", "{14A8822D-A6EA-39B7-9D9C-557B3941D20B}"
EndProject
Project("{2150E333-8FDC-42A3-9474-1A3956D46DE8}") = "bongobs-cat", "plugins\bongobs-cat", "{6A877F43-A680-3A4D-9638-B31B30704DE4}"
EndProject
Project("{8BC9CEB8-8B4A-11D0-8D11-00A0C91BC942}") = "ALL_BUILD", "ALL_BUILD.vcxproj", "{39D94951-8671-367B-BA4C-12EE5D793067}"
	ProjectSection(ProjectDependencies) = postProject
		{2B321174-0994-3328-8644-7A7AB7974805} = {2B321174-0994-3328-8644-7A7AB7974805}
		{E68314A4-F8F8-3623-8665-08A8ADAF5668} = {E68314A4-F8F8-3623-8665-08A8ADAF5668}
		{5DDB440F-761D-3323-A135-090DD7A70789} = {5DDB440F-761D-3323-A135-090DD7A70789}
		{1FF8F782-B9CF-39DB-852A-F74818532CC8} = {1FF8F782-B9CF-39DB-852A-F74818532CC8}
		{71EFE2D7-89F7-3526-9D88-B2FB626016DB} = {71EFE2D7-89F7-3526-9D88-B2FB626016DB}
	EndProjectSection
EndProject
Project("{8BC9CEB8-8B4A-11D0-8D11-00A0C91BC942}") = "INSTALL", "INSTALL.vcxproj", "{2CC1D405-11E7-31B8-B985-D3220E67E386}"
	ProjectSection(ProjectDependencies) = postProject
		{39D94951-8671-367B-BA4C-12EE5D793067} = {39D94951-8671-367B-BA4C-12EE5D793067}
		{2B321174-0994-3328-8644-7A7AB7974805} = {2B321174-0994-3328-8644-7A7AB7974805}
	EndProjectSection
EndProject
Project("{8BC9CEB8-8B4A-11D0-8D11-00A0C91BC942}") = "PACKAGE", "PACKAGE.vcxproj", "{43E4531E-45D5-3463-A526-478188B88E3E}"
	ProjectSection(ProjectDependencies) = postProject
		{39D94951-8671-367B-BA4C-12EE5D793067} = {39D94951-8671-367B-BA4C-12EE5D793067}
		{2B321174-0994-3328-8644-7A7AB7974805} = {2B321174-0994-3328-8644-7A7AB7974805}
	EndProjectSection
EndProject
Project("{8BC9CEB8-8B4A-11D0-8D11-00A0C91BC942}") = "ZERO_CHECK", "E:\obs\build\ZERO_CHECK.vcxproj", "{2B321174-0994-3328-8644-7A7AB7974805}"
	ProjectSection(ProjectDependencies) = postProject
	EndProjectSection
EndProject
Project("{8BC9CEB8-8B4A-11D0-8D11-00A0C91BC942}") = "glew", "glew.vcxproj", "{E68314A4-F8F8-3623-8665-08A8ADAF5668}"
	ProjectSection(ProjectDependencies) = postProject
		{2B321174-0994-3328-8644-7A7AB7974805} = {2B321174-0994-3328-8644-7A7AB7974805}
	EndProjectSection
EndProject
Project("{8BC9CEB8-8B4A-11D0-8D11-00A0C91BC942}") = "glew_s", "glew_s.vcxproj", "{5DDB440F-761D-3323-A135-090DD7A70789}"
	ProjectSection(ProjectDependencies) = postProject
		{2B321174-0994-3328-8644-7A7AB7974805} = {2B321174-0994-3328-8644-7A7AB7974805}
	EndProjectSection
EndProject
Project("{8BC9CEB8-8B4A-11D0-8D11-00A0C91BC942}") = "glewinfo", "glewinfo.vcxproj", "{1FF8F782-B9CF-39DB-852A-F74818532CC8}"
	ProjectSection(ProjectDependencies) = postProject
		{2B321174-0994-3328-8644-7A7AB7974805} = {2B321174-0994-3328-8644-7A7AB7974805}
		{E68314A4-F8F8-3623-8665-08A8ADAF5668} = {E68314A4-F8F8-3623-8665-08A8ADAF5668}
	EndProjectSection
EndProject
Project("{8BC9CEB8-8B4A-11D0-8D11-00A0C91BC942}") = "uninstall", "uninstall.vcxproj", "{ECBBB028-5733-3CB6-AB5B-FF8F91633B89}"
	ProjectSection(ProjectDependencies) = postProject
		{2B321174-0994-3328-8644-7A7AB7974805} = {2B321174-0994-3328-8644-7A7AB7974805}
	EndProjectSection
EndProject
Project("{8BC9CEB8-8B4A-11D0-8D11-00A0C91BC942}") = "visualinfo", "visualinfo.vcxproj", "{71EFE2D7-89F7-3526-9D88-B2FB626016DB}"
	ProjectSection(ProjectDependencies) = postProject
		{2B321174-0994-3328-8644-7A7AB7974805} = {2B321174-0994-3328-8644-7A7AB7974805}
		{E68314A4-F8F8-3623-8665-08A8ADAF5668} = {E68314A4-F8F8-3623-8665-08A8ADAF5668}
	EndProjectSection
EndProject
Global
	GlobalSection(SolutionConfigurationPlatforms) = preSolution
		Debug|x64 = Debug|x64
		Release|x64 = Release|x64
		MinSizeRel|x64 = MinSizeRel|x64
		RelWithDebInfo|x64 = RelWithDebInfo|x64
	EndGlobalSection
	GlobalSection(ProjectConfigurationPlatforms) = postSolution
		{39D94951-8671-367B-BA4C-12EE5D793067}.Debug|x64.ActiveCfg = Debug|x64
		{39D94951-8671-367B-BA4C-12EE5D793067}.Debug|x64.Build.0 = Debug|x64
		{39D94951-8671-367B-BA4C-12EE5D793067}.Release|x64.ActiveCfg = Release|x64
		{39D94951-8671-367B-BA4C-12EE5D793067}.Release|x64.Build.0 = Release|x64
		{39D94951-8671-367B-BA4C-12EE5D793067}.MinSizeRel|x64.ActiveCfg = MinSizeRel|x64
		{39D94951-8671-367B-BA4C-12EE5D793067}.MinSizeRel|x64.Build.0 = MinSizeRel|x64
		{39D94951-8671-367B-BA4C-12EE5D793067}.RelWithDebInfo|x64.ActiveCfg = RelWithDebInfo|x64
		{39D94951-8671-367B-BA4C-12EE5D793067}.RelWithDebInfo|x64.Build.0 = RelWithDebInfo|x64
		{2CC1D405-11E7-31B8-B985-D3220E67E386}.Debug|x64.ActiveCfg = Debug|x64
		{2CC1D405-11E7-31B8-B985-D3220E67E386}.Release|x64.ActiveCfg = Release|x64
		{2CC1D405-11E7-31B8-B985-D3220E67E386}.MinSizeRel|x64.ActiveCfg = MinSizeRel|x64
		{2CC1D405-11E7-31B8-B985-D3220E67E386}.RelWithDebInfo|x64.ActiveCfg = RelWithDebInfo|x64
		{43E4531E-45D5-3463-A526-478188B88E3E}.Debug|x64.ActiveCfg = Debug|x64
		{43E4531E-45D5-3463-A526-478188B88E3E}.Release|x64.ActiveCfg = Release|x64
		{43E4531E-45D5-3463-A526-478188B88E3E}.MinSizeRel|x64.ActiveCfg = MinSizeRel|x64
		{43E4531E-45D5-3463-A526-478188B88E3E}.RelWithDebInfo|x64.ActiveCfg = RelWithDebInfo|x64
		{2B321174-0994-3328-8644-7A7AB7974805}.Debug|x64.ActiveCfg = Debug|x64
		{2B321174-0994-3328-8644-7A7AB7974805}.Debug|x64.Build.0 = Debug|x64
		{2B321174-0994-3328-8644-7A7AB7974805}.Release|x64.ActiveCfg = Release|x64
		{2B321174-0994-3328-8644-7A7AB7974805}.Release|x64.Build.0 = Release|x64
		{2B321174-0994-3328-8644-7A7AB7974805}.MinSizeRel|x64.ActiveCfg = MinSizeRel|x64
		{2B321174-0994-3328-8644-7A7AB7974805}.MinSizeRel|x64.Build.0 = MinSizeRel|x64
		{2B321174-0994-3328-8644-7A7AB7974805}.RelWithDebInfo|x64.ActiveCfg = RelWithDebInfo|x64
		{2B321174-0994-3328-8644-7A7AB7974805}.RelWithDebInfo|x64.Build.0 = RelWithDebInfo|x64
		{E68314A4-F8F8-3623-8665-08A8ADAF5668}.Debug|x64.ActiveCfg = Debug|x64
		{E68314A4-F8F8-3623-8665-08A8ADAF5668}.Debug|x64.Build.0 = Debug|x64
		{E68314A4-F8F8-3623-8665-08A8ADAF5668}.Release|x64.ActiveCfg = Release|x64
		{E68314A4-F8F8-3623-8665-08A8ADAF5668}.Release|x64.Build.0 = Release|x64
		{E68314A4-F8F8-3623-8665-08A8ADAF5668}.MinSizeRel|x64.ActiveCfg = MinSizeRel|x64
		{E68314A4-F8F8-3623-8665-08A8ADAF5668}.MinSizeRel|x64.Build.0 = MinSizeRel|x64
		{E68314A4-F8F8-3623-8665-08A8ADAF5668}.RelWithDebInfo|x64.ActiveCfg = RelWithDebInfo|x64
		{E68314A4-F8F8-3623-8665-08A8ADAF5668}.RelWithDebInfo|x64.Build.0 = RelWithDebInfo|x64
		{5DDB440F-761D-3323-A135-090DD7A70789}.Debug|x64.ActiveCfg = Debug|x64
		{5DDB440F-761D-3323-A135-090DD7A70789}.Debug|x64.Build.0 = Debug|x64
		{5DDB440F-761D-3323-A135-090DD7A70789}.Release|x64.ActiveCfg = Release|x64
		{5DDB440F-761D-3323-A135-090DD7A70789}.Release|x64.Build.0 = Release|x64
		{5DDB440F-761D-3323-A135-090DD7A70789}.MinSizeRel|x64.ActiveCfg = MinSizeRel|x64
		{5DDB440F-761D-3323-A135-090DD7A70789}.MinSizeRel|x64.Build.0 = MinSizeRel|x64
		{5DDB440F-761D-3323-A135-090DD7A70789}.RelWithDebInfo|x64.ActiveCfg = RelWithDebInfo|x64
		{5DDB440F-761D-3323-A135-090DD7A70789}.RelWithDebInfo|x64.Build.0 = RelWithDebInfo|x64
		{1FF8F782-B9CF-39DB-852A-F74818532CC8}.Debug|x64.ActiveCfg = Debug|x64
		{1FF8F782-B9CF-39DB-852A-F74818532CC8}.Debug|x64.Build.0 = Debug|x64
		{1FF8F782-B9CF-39DB-852A-F74818532CC8}.Release|x64.ActiveCfg = Release|x64
		{1FF8F782-B9CF-39DB-852A-F74818532CC8}.Release|x64.Build.0 = Release|x64
		{1FF8F782-B9CF-39DB-852A-F74818532CC8}.MinSizeRel|x64.ActiveCfg = MinSizeRel|x64
		{1FF8F782-B9CF-39DB-852A-F74818532CC8}.MinSizeRel|x64.Build.0 = MinSizeRel|x64
		{1FF8F782-B9CF-39DB-852A-F74818532CC8}.RelWithDebInfo|x64.ActiveCfg = RelWithDebInfo|x64
		{1FF8F782-B9CF-39DB-852A-F74818532CC8}.RelWithDebInfo|x64.Build.0 = RelWithDebInfo|x64
		{ECBBB028-5733-3CB6-AB5B-FF8F91633B89}.Debug|x64.ActiveCfg = Debug|x64
		{ECBBB028-5733-3CB6-AB5B-FF8F91633B89}.Release|x64.ActiveCfg = Release|x64
		{ECBBB028-5733-3CB6-AB5B-FF8F91633B89}.MinSizeRel|x64.ActiveCfg = MinSizeRel|x64
		{ECBBB028-5733-3CB6-AB5B-FF8F91633B89}.RelWithDebInfo|x64.ActiveCfg = RelWithDebInfo|x64
		{71EFE2D7-89F7-3526-9D88-B2FB626016DB}.Debug|x64.ActiveCfg = Debug|x64
		{71EFE2D7-89F7-3526-9D88-B2FB626016DB}.Debug|x64.Build.0 = Debug|x64
		{71EFE2D7-89F7-3526-9D88-B2FB626016DB}.Release|x64.ActiveCfg = Release|x64
		{71EFE2D7-89F7-3526-9D88-B2FB626016DB}.Release|x64.Build.0 = Release|x64
		{71EFE2D7-89F7-3526-9D88-B2FB626016DB}.MinSizeRel|x64.ActiveCfg = MinSizeRel|x64
		{71EFE2D7-89F7-3526-9D88-B2FB626016DB}.MinSizeRel|x64.Build.0 = MinSizeRel|x64
		{71EFE2D7-89F7-3526-9D88-B2FB626016DB}.RelWithDebInfo|x64.ActiveCfg = RelWithDebInfo|x64
		{71EFE2D7-89F7-3526-9D88-B2FB626016DB}.RelWithDebInfo|x64.Build.0 = RelWithDebInfo|x64
	EndGlobalSection
	GlobalSection(NestedProjects) = preSolution
		{39D94951-8671-367B-BA4C-12EE5D793067} = {B348AA98-2789-310A-A2DD-43B4232ABB95}
		{2CC1D405-11E7-31B8-B985-D3220E67E386} = {B348AA98-2789-310A-A2DD-43B4232ABB95}
		{43E4531E-45D5-3463-A526-478188B88E3E} = {B348AA98-2789-310A-A2DD-43B4232ABB95}
		{2B321174-0994-3328-8644-7A7AB7974805} = {B348AA98-2789-310A-A2DD-43B4232ABB95}
		{6A877F43-A680-3A4D-9638-B31B30704DE4} = {14A8822D-A6EA-39B7-9D9C-557B3941D20B}
		{E68314A4-F8F8-3623-8665-08A8ADAF5668} = {6A877F43-A680-3A4D-9638-B31B30704DE4}
		{5DDB440F-761D-3323-A135-090DD7A70789} = {6A877F43-A680-3A4D-9638-B31B30704DE4}
	EndGlobalSection
	GlobalSection(ExtensibilityGlobals) = postSolution
		SolutionGuid = {1440B1A6-00E7-3145-945A-D59E3D5A04B8}
	EndGlobalSection
	GlobalSection(ExtensibilityAddIns) = postSolution
	EndGlobalSection
EndGlobal
