Microsoft Visual Studio Solution File, Format Version 12.00
# Visual Studio 16
Project("{2150E333-8FDC-42A3-9474-1A3956D46DE8}") = "CMakePredefinedTargets", "CMakePredefinedTargets", "{B348AA98-2789-310A-A2DD-43B4232ABB95}"
EndProject
Project("{2150E333-8FDC-42A3-9474-1A3956D46DE8}") = "GLFW3", "GLFW3", "{0E3BC67F-8E9B-38D8-B6E9-8B6CD3404BE7}"
EndProject
Project("{8BC9CEB8-8B4A-11D0-8D11-00A0C91BC942}") = "ALL_BUILD", "ALL_BUILD.vcxproj", "{39D94951-8671-367B-BA4C-12EE5D793067}"
	ProjectSection(ProjectDependencies) = postProject
		{2B321174-0994-3328-8644-7A7AB7974805} = {2B321174-0994-3328-8644-7A7AB7974805}
		{D211631B-0AC9-3568-BECD-F4C8D2D2870C} = {D211631B-0AC9-3568-BECD-F4C8D2D2870C}
	EndProjectSection
EndProject
Project("{8BC9CEB8-8B4A-11D0-8D11-00A0C91BC942}") = "INSTALL", "INSTALL.vcxproj", "{2CC1D405-11E7-31B8-B985-D3220E67E386}"
	ProjectSection(ProjectDependencies) = postProject
		{39D94951-8671-367B-BA4C-12EE5D793067} = {39D94951-8671-367B-BA4C-12EE5D793067}
		{2B321174-0994-3328-8644-7A7AB7974805} = {2B321174-0994-3328-8644-7A7AB7974805}
	EndProjectSection
EndProject
Project("{8BC9CEB8-8B4A-11D0-8D11-00A0C91BC942}") = "PACKAGE", "PACKAGE.vcxproj", "{43E4531E-45D5-3463-A526-478188B88E3E}"
	ProjectSection(ProjectDependencies) = postProject
		{39D94951-8671-367B-BA4C-12EE5D793067} = {39D94951-8671-367B-BA4C-12EE5D793067}
		{2B321174-0994-3328-8644-7A7AB7974805} = {2B321174-0994-3328-8644-7A7AB7974805}
	EndProjectSection
EndProject
Project("{8BC9CEB8-8B4A-11D0-8D11-00A0C91BC942}") = "ZERO_CHECK", "E:\obs\build\ZERO_CHECK.vcxproj", "{2B321174-0994-3328-8644-7A7AB7974805}"
	ProjectSection(ProjectDependencies) = postProject
	EndProjectSection
EndProject
Project("{8BC9CEB8-8B4A-11D0-8D11-00A0C91BC942}") = "glfw", "src\glfw.vcxproj", "{D211631B-0AC9-3568-BECD-F4C8D2D2870C}"
	ProjectSection(ProjectDependencies) = postProject
		{2B321174-0994-3328-8644-7A7AB7974805} = {2B321174-0994-3328-8644-7A7AB7974805}
	EndProjectSection
EndProject
Global
	GlobalSection(SolutionConfigurationPlatforms) = preSolution
		Debug|x64 = Debug|x64
		Release|x64 = Release|x64
		MinSizeRel|x64 = MinSizeRel|x64
		RelWithDebInfo|x64 = RelWithDebInfo|x64
	EndGlobalSection
	GlobalSection(ProjectConfigurationPlatforms) = postSolution
		{39D94951-8671-367B-BA4C-12EE5D793067}.Debug|x64.ActiveCfg = Debug|x64
		{39D94951-8671-367B-BA4C-12EE5D793067}.Debug|x64.Build.0 = Debug|x64
		{39D94951-8671-367B-BA4C-12EE5D793067}.Release|x64.ActiveCfg = Release|x64
		{39D94951-8671-367B-BA4C-12EE5D793067}.Release|x64.Build.0 = Release|x64
		{39D94951-8671-367B-BA4C-12EE5D793067}.MinSizeRel|x64.ActiveCfg = MinSizeRel|x64
		{39D94951-8671-367B-BA4C-12EE5D793067}.MinSizeRel|x64.Build.0 = MinSizeRel|x64
		{39D94951-8671-367B-BA4C-12EE5D793067}.RelWithDebInfo|x64.ActiveCfg = RelWithDebInfo|x64
		{39D94951-8671-367B-BA4C-12EE5D793067}.RelWithDebInfo|x64.Build.0 = RelWithDebInfo|x64
		{2CC1D405-11E7-31B8-B985-D3220E67E386}.Debug|x64.ActiveCfg = Debug|x64
		{2CC1D405-11E7-31B8-B985-D3220E67E386}.Release|x64.ActiveCfg = Release|x64
		{2CC1D405-11E7-31B8-B985-D3220E67E386}.MinSizeRel|x64.ActiveCfg = MinSizeRel|x64
		{2CC1D405-11E7-31B8-B985-D3220E67E386}.RelWithDebInfo|x64.ActiveCfg = RelWithDebInfo|x64
		{43E4531E-45D5-3463-A526-478188B88E3E}.Debug|x64.ActiveCfg = Debug|x64
		{43E4531E-45D5-3463-A526-478188B88E3E}.Release|x64.ActiveCfg = Release|x64
		{43E4531E-45D5-3463-A526-478188B88E3E}.MinSizeRel|x64.ActiveCfg = MinSizeRel|x64
		{43E4531E-45D5-3463-A526-478188B88E3E}.RelWithDebInfo|x64.ActiveCfg = RelWithDebInfo|x64
		{2B321174-0994-3328-8644-7A7AB7974805}.Debug|x64.ActiveCfg = Debug|x64
		{2B321174-0994-3328-8644-7A7AB7974805}.Debug|x64.Build.0 = Debug|x64
		{2B321174-0994-3328-8644-7A7AB7974805}.Release|x64.ActiveCfg = Release|x64
		{2B321174-0994-3328-8644-7A7AB7974805}.Release|x64.Build.0 = Release|x64
		{2B321174-0994-3328-8644-7A7AB7974805}.MinSizeRel|x64.ActiveCfg = MinSizeRel|x64
		{2B321174-0994-3328-8644-7A7AB7974805}.MinSizeRel|x64.Build.0 = MinSizeRel|x64
		{2B321174-0994-3328-8644-7A7AB7974805}.RelWithDebInfo|x64.ActiveCfg = RelWithDebInfo|x64
		{2B321174-0994-3328-8644-7A7AB7974805}.RelWithDebInfo|x64.Build.0 = RelWithDebInfo|x64
		{D211631B-0AC9-3568-BECD-F4C8D2D2870C}.Debug|x64.ActiveCfg = Debug|x64
		{D211631B-0AC9-3568-BECD-F4C8D2D2870C}.Debug|x64.Build.0 = Debug|x64
		{D211631B-0AC9-3568-BECD-F4C8D2D2870C}.Release|x64.ActiveCfg = Release|x64
		{D211631B-0AC9-3568-BECD-F4C8D2D2870C}.Release|x64.Build.0 = Release|x64
		{D211631B-0AC9-3568-BECD-F4C8D2D2870C}.MinSizeRel|x64.ActiveCfg = MinSizeRel|x64
		{D211631B-0AC9-3568-BECD-F4C8D2D2870C}.MinSizeRel|x64.Build.0 = MinSizeRel|x64
		{D211631B-0AC9-3568-BECD-F4C8D2D2870C}.RelWithDebInfo|x64.ActiveCfg = RelWithDebInfo|x64
		{D211631B-0AC9-3568-BECD-F4C8D2D2870C}.RelWithDebInfo|x64.Build.0 = RelWithDebInfo|x64
	EndGlobalSection
	GlobalSection(NestedProjects) = preSolution
		{39D94951-8671-367B-BA4C-12EE5D793067} = {B348AA98-2789-310A-A2DD-43B4232ABB95}
		{2CC1D405-11E7-31B8-B985-D3220E67E386} = {B348AA98-2789-310A-A2DD-43B4232ABB95}
		{43E4531E-45D5-3463-A526-478188B88E3E} = {B348AA98-2789-310A-A2DD-43B4232ABB95}
		{2B321174-0994-3328-8644-7A7AB7974805} = {B348AA98-2789-310A-A2DD-43B4232ABB95}
		{D211631B-0AC9-3568-BECD-F4C8D2D2870C} = {0E3BC67F-8E9B-38D8-B6E9-8B6CD3404BE7}
	EndGlobalSection
	GlobalSection(ExtensibilityGlobals) = postSolution
		SolutionGuid = {646D57B5-05B4-339F-BD95-E149192B85D7}
	EndGlobalSection
	GlobalSection(ExtensibilityAddIns) = postSolution
	EndGlobalSection
EndGlobal
