<?xml version="1.0" encoding="utf-8"?>
<Project ToolsVersion="16.0" xmlns="http://schemas.microsoft.com/developer/msbuild/2003">
  <ItemGroup>
    <CustomBuild Include="E:\obs\build\CMakeFiles\508051c95f657ce76f9295b30cb5acfc\INSTALL_force.rule">
      <Filter>CMake Rules</Filter>
    </CustomBuild>
  </ItemGroup>
  <ItemGroup>
    <Filter Include="CMake Rules">
      <UniqueIdentifier>{887403A9-24F7-3EF5-9AE2-75405C2B34F3}</UniqueIdentifier>
    </Filter>
  </ItemGroup>
</Project>
